
Microsoft Visual Studio Solution File, Format Version 11.00
# Visual Studio 2010
Project("{FAE04EC0-301F-11D3-BF4B-00C04F79EFBC}") = "M2SA.AppGenome.Logging", "M2SA.AppGenome.Logging\M2SA.AppGenome.Logging.csproj", "{73510913-961E-45E7-8AAA-2DBA89DF24BF}"
EndProject
Project("{FAE04EC0-301F-11D3-BF4B-00C04F79EFBC}") = "M2SA.AppGenome", "..\AppGenome\M2SA.AppGenome\M2SA.AppGenome.csproj", "{682BEB8B-8F34-446D-B264-D26378E86014}"
EndProject
Project("{FAE04EC0-301F-11D3-BF4B-00C04F79EFBC}") = "M2SA.AppGenome.Logging.Tests", "M2SA.AppGenome.Logging.Tests\M2SA.AppGenome.Logging.Tests.csproj", "{611E4612-0333-46C4-A2E3-29648F9D1E60}"
EndProject
Global
	GlobalSection(SolutionConfigurationPlatforms) = preSolution
		Debug|Any CPU = Debug|Any CPU
		Release|Any CPU = Release|Any CPU
	EndGlobalSection
	GlobalSection(ProjectConfigurationPlatforms) = postSolution
		{73510913-961E-45E7-8AAA-2DBA89DF24BF}.Debug|Any CPU.ActiveCfg = Debug|Any CPU
		{73510913-961E-45E7-8AAA-2DBA89DF24BF}.Debug|Any CPU.Build.0 = Debug|Any CPU
		{73510913-961E-45E7-8AAA-2DBA89DF24BF}.Release|Any CPU.ActiveCfg = Release|Any CPU
		{73510913-961E-45E7-8AAA-2DBA89DF24BF}.Release|Any CPU.Build.0 = Release|Any CPU
		{682BEB8B-8F34-446D-B264-D26378E86014}.Debug|Any CPU.ActiveCfg = Debug|Any CPU
		{682BEB8B-8F34-446D-B264-D26378E86014}.Debug|Any CPU.Build.0 = Debug|Any CPU
		{682BEB8B-8F34-446D-B264-D26378E86014}.Release|Any CPU.ActiveCfg = Release|Any CPU
		{682BEB8B-8F34-446D-B264-D26378E86014}.Release|Any CPU.Build.0 = Release|Any CPU
		{611E4612-0333-46C4-A2E3-29648F9D1E60}.Debug|Any CPU.ActiveCfg = Debug|Any CPU
		{611E4612-0333-46C4-A2E3-29648F9D1E60}.Debug|Any CPU.Build.0 = Debug|Any CPU
		{611E4612-0333-46C4-A2E3-29648F9D1E60}.Release|Any CPU.ActiveCfg = Release|Any CPU
		{611E4612-0333-46C4-A2E3-29648F9D1E60}.Release|Any CPU.Build.0 = Release|Any CPU
	EndGlobalSection
	GlobalSection(SolutionProperties) = preSolution
		HideSolutionNode = FALSE
	EndGlobalSection
EndGlobal
