
Microsoft Visual Studio Solution File, Format Version 11.00
# Visual Studio 2010
Project("{FAE04EC0-301F-11D3-BF4B-00C04F79EFBC}") = "M2SA.AppGenome.ServiceHost", "M2SA.AppGenome.ServiceHost\M2SA.AppGenome.ServiceHost.csproj", "{F2B8789A-2193-4CB8-95C0-621731D4FB70}"
EndProject
Project("{FAE04EC0-301F-11D3-BF4B-00C04F79EFBC}") = "M2SA.AppGenome", "..\AppGenome\M2SA.AppGenome\M2SA.AppGenome.csproj", "{682BEB8B-8F34-446D-B264-D26378E86014}"
EndProject
Project("{FAE04EC0-301F-11D3-BF4B-00C04F79EFBC}") = "M2SA.AppGenome.Services.MemCachedStats", "M2SA.AppGenome.Services.MemCachedStats\M2SA.AppGenome.Services.MemCachedStats.csproj", "{360CD0E6-1B27-444D-BD9B-CD0CB8EFAAD7}"
EndProject
Project("{FAE04EC0-301F-11D3-BF4B-00C04F79EFBC}") = "M2SA.AppGenome.Services.LogProcessor", "M2SA.AppGenome.Services.LogProcessor\M2SA.AppGenome.Services.LogProcessor.csproj", "{36480885-16E5-4EFB-9B0B-D4B784583040}"
EndProject
Global
	GlobalSection(SolutionConfigurationPlatforms) = preSolution
		Debug|Any CPU = Debug|Any CPU
		Debug|Mixed Platforms = Debug|Mixed Platforms
		Debug|x86 = Debug|x86
		Release|Any CPU = Release|Any CPU
		Release|Mixed Platforms = Release|Mixed Platforms
		Release|x86 = Release|x86
	EndGlobalSection
	GlobalSection(ProjectConfigurationPlatforms) = postSolution
		{F2B8789A-2193-4CB8-95C0-621731D4FB70}.Debug|Any CPU.ActiveCfg = Debug|Any CPU
		{F2B8789A-2193-4CB8-95C0-621731D4FB70}.Debug|Any CPU.Build.0 = Debug|Any CPU
		{F2B8789A-2193-4CB8-95C0-621731D4FB70}.Debug|Mixed Platforms.ActiveCfg = Debug|Any CPU
		{F2B8789A-2193-4CB8-95C0-621731D4FB70}.Debug|Mixed Platforms.Build.0 = Debug|Any CPU
		{F2B8789A-2193-4CB8-95C0-621731D4FB70}.Debug|x86.ActiveCfg = Debug|Any CPU
		{F2B8789A-2193-4CB8-95C0-621731D4FB70}.Release|Any CPU.ActiveCfg = Release|Any CPU
		{F2B8789A-2193-4CB8-95C0-621731D4FB70}.Release|Any CPU.Build.0 = Release|Any CPU
		{F2B8789A-2193-4CB8-95C0-621731D4FB70}.Release|Mixed Platforms.ActiveCfg = Release|Any CPU
		{F2B8789A-2193-4CB8-95C0-621731D4FB70}.Release|Mixed Platforms.Build.0 = Release|Any CPU
		{F2B8789A-2193-4CB8-95C0-621731D4FB70}.Release|x86.ActiveCfg = Release|Any CPU
		{682BEB8B-8F34-446D-B264-D26378E86014}.Debug|Any CPU.ActiveCfg = Debug|Any CPU
		{682BEB8B-8F34-446D-B264-D26378E86014}.Debug|Any CPU.Build.0 = Debug|Any CPU
		{682BEB8B-8F34-446D-B264-D26378E86014}.Debug|Mixed Platforms.ActiveCfg = Debug|Any CPU
		{682BEB8B-8F34-446D-B264-D26378E86014}.Debug|Mixed Platforms.Build.0 = Debug|Any CPU
		{682BEB8B-8F34-446D-B264-D26378E86014}.Debug|x86.ActiveCfg = Debug|Any CPU
		{682BEB8B-8F34-446D-B264-D26378E86014}.Release|Any CPU.ActiveCfg = Release|Any CPU
		{682BEB8B-8F34-446D-B264-D26378E86014}.Release|Any CPU.Build.0 = Release|Any CPU
		{682BEB8B-8F34-446D-B264-D26378E86014}.Release|Mixed Platforms.ActiveCfg = Release|Any CPU
		{682BEB8B-8F34-446D-B264-D26378E86014}.Release|Mixed Platforms.Build.0 = Release|Any CPU
		{682BEB8B-8F34-446D-B264-D26378E86014}.Release|x86.ActiveCfg = Release|Any CPU
		{360CD0E6-1B27-444D-BD9B-CD0CB8EFAAD7}.Debug|Any CPU.ActiveCfg = Debug|x86
		{360CD0E6-1B27-444D-BD9B-CD0CB8EFAAD7}.Debug|Mixed Platforms.ActiveCfg = Debug|x86
		{360CD0E6-1B27-444D-BD9B-CD0CB8EFAAD7}.Debug|Mixed Platforms.Build.0 = Debug|x86
		{360CD0E6-1B27-444D-BD9B-CD0CB8EFAAD7}.Debug|x86.ActiveCfg = Debug|x86
		{360CD0E6-1B27-444D-BD9B-CD0CB8EFAAD7}.Debug|x86.Build.0 = Debug|x86
		{360CD0E6-1B27-444D-BD9B-CD0CB8EFAAD7}.Release|Any CPU.ActiveCfg = Release|x86
		{360CD0E6-1B27-444D-BD9B-CD0CB8EFAAD7}.Release|Mixed Platforms.ActiveCfg = Release|x86
		{360CD0E6-1B27-444D-BD9B-CD0CB8EFAAD7}.Release|Mixed Platforms.Build.0 = Release|x86
		{360CD0E6-1B27-444D-BD9B-CD0CB8EFAAD7}.Release|x86.ActiveCfg = Release|x86
		{360CD0E6-1B27-444D-BD9B-CD0CB8EFAAD7}.Release|x86.Build.0 = Release|x86
		{36480885-16E5-4EFB-9B0B-D4B784583040}.Debug|Any CPU.ActiveCfg = Debug|x86
		{36480885-16E5-4EFB-9B0B-D4B784583040}.Debug|Mixed Platforms.ActiveCfg = Debug|x86
		{36480885-16E5-4EFB-9B0B-D4B784583040}.Debug|Mixed Platforms.Build.0 = Debug|x86
		{36480885-16E5-4EFB-9B0B-D4B784583040}.Debug|x86.ActiveCfg = Debug|x86
		{36480885-16E5-4EFB-9B0B-D4B784583040}.Debug|x86.Build.0 = Debug|x86
		{36480885-16E5-4EFB-9B0B-D4B784583040}.Release|Any CPU.ActiveCfg = Release|x86
		{36480885-16E5-4EFB-9B0B-D4B784583040}.Release|Mixed Platforms.ActiveCfg = Release|x86
		{36480885-16E5-4EFB-9B0B-D4B784583040}.Release|Mixed Platforms.Build.0 = Release|x86
		{36480885-16E5-4EFB-9B0B-D4B784583040}.Release|x86.ActiveCfg = Release|x86
		{36480885-16E5-4EFB-9B0B-D4B784583040}.Release|x86.Build.0 = Release|x86
	EndGlobalSection
	GlobalSection(SolutionProperties) = preSolution
		HideSolutionNode = FALSE
	EndGlobalSection
EndGlobal
