
Microsoft Visual Studio Solution File, Format Version 11.00
# Visual Studio 2010
Project("{2150E333-8FDC-42A3-9474-1A3956D46DE8}") = "Tests", "Tests", "{4EA3398E-036E-4392-9E9B-5216A115E34E}"
EndProject
Project("{FAE04EC0-301F-11D3-BF4B-00C04F79EFBC}") = "M2SA.AppGenome.Tests", "AppGenome\M2SA.AppGenome.Tests\M2SA.AppGenome.Tests.csproj", "{68523D89-0E59-4D24-BA30-4D9EB900027F}"
EndProject
Project("{FAE04EC0-301F-11D3-BF4B-00C04F79EFBC}") = "M2SA.AppGenome", "AppGenome\M2SA.AppGenome\M2SA.AppGenome.csproj", "{682BEB8B-8F34-446D-B264-D26378E86014}"
EndProject
Project("{FAE04EC0-301F-11D3-BF4B-00C04F79EFBC}") = "M2SA.AppGenome.Logging", "Logging\M2SA.AppGenome.Logging\M2SA.AppGenome.Logging.csproj", "{73510913-961E-45E7-8AAA-2DBA89DF24BF}"
EndProject
Project("{FAE04EC0-301F-11D3-BF4B-00C04F79EFBC}") = "M2SA.AppGenome.Logging.Tests", "Logging\M2SA.AppGenome.Logging.Tests\M2SA.AppGenome.Logging.Tests.csproj", "{611E4612-0333-46C4-A2E3-29648F9D1E60}"
EndProject
Project("{FAE04EC0-301F-11D3-BF4B-00C04F79EFBC}") = "M2SA.AppGenome.Cache", "Cache\M2SA.AppGenome.Cache\M2SA.AppGenome.Cache.csproj", "{4AFF80F3-C42D-4DB7-BC7A-ED2EAD367776}"
EndProject
Project("{FAE04EC0-301F-11D3-BF4B-00C04F79EFBC}") = "M2SA.AppGenome.Cache.Tests", "Cache\M2SA.AppGenome.Cache.Tests\M2SA.AppGenome.Cache.Tests.csproj", "{6D2EBC08-5E38-4D1B-966E-82BA038D51CC}"
EndProject
Project("{FAE04EC0-301F-11D3-BF4B-00C04F79EFBC}") = "M2SA.AppGenome.Queues", "Queues\M2SA.AppGenome.Queues\M2SA.AppGenome.Queues.csproj", "{FD23879B-0B35-4307-A3E1-5418B126EE96}"
EndProject
Project("{FAE04EC0-301F-11D3-BF4B-00C04F79EFBC}") = "M2SA.AppGenome.Queues.Tests", "Queues\M2SA.AppGenome.Queues.Tests\M2SA.AppGenome.Queues.Tests.csproj", "{8787EA04-7D4D-4A97-96DF-A4EC4CD25CD9}"
EndProject
Project("{FAE04EC0-301F-11D3-BF4B-00C04F79EFBC}") = "M2SA.AppGenome.Data", "Data\M2SA.AppGenome.Data\M2SA.AppGenome.Data.csproj", "{74A5959E-0600-400A-A1D6-2235D02E5122}"
EndProject
Project("{FAE04EC0-301F-11D3-BF4B-00C04F79EFBC}") = "M2SA.AppGenome.Data.Tests", "Data\M2SA.AppGenome.Data.Tests\M2SA.AppGenome.Data.Tests.csproj", "{89C6C0DC-EC0B-4C82-95BF-16E37DAEDA17}"
EndProject
Global
	GlobalSection(SolutionConfigurationPlatforms) = preSolution
		Debug|Any CPU = Debug|Any CPU
		Release|Any CPU = Release|Any CPU
	EndGlobalSection
	GlobalSection(ProjectConfigurationPlatforms) = postSolution
		{68523D89-0E59-4D24-BA30-4D9EB900027F}.Debug|Any CPU.ActiveCfg = Debug|Any CPU
		{68523D89-0E59-4D24-BA30-4D9EB900027F}.Debug|Any CPU.Build.0 = Debug|Any CPU
		{68523D89-0E59-4D24-BA30-4D9EB900027F}.Release|Any CPU.ActiveCfg = Release|Any CPU
		{68523D89-0E59-4D24-BA30-4D9EB900027F}.Release|Any CPU.Build.0 = Release|Any CPU
		{682BEB8B-8F34-446D-B264-D26378E86014}.Debug|Any CPU.ActiveCfg = Debug|Any CPU
		{682BEB8B-8F34-446D-B264-D26378E86014}.Debug|Any CPU.Build.0 = Debug|Any CPU
		{682BEB8B-8F34-446D-B264-D26378E86014}.Release|Any CPU.ActiveCfg = Release|Any CPU
		{682BEB8B-8F34-446D-B264-D26378E86014}.Release|Any CPU.Build.0 = Release|Any CPU
		{73510913-961E-45E7-8AAA-2DBA89DF24BF}.Debug|Any CPU.ActiveCfg = Debug|Any CPU
		{73510913-961E-45E7-8AAA-2DBA89DF24BF}.Debug|Any CPU.Build.0 = Debug|Any CPU
		{73510913-961E-45E7-8AAA-2DBA89DF24BF}.Release|Any CPU.ActiveCfg = Release|Any CPU
		{73510913-961E-45E7-8AAA-2DBA89DF24BF}.Release|Any CPU.Build.0 = Release|Any CPU
		{611E4612-0333-46C4-A2E3-29648F9D1E60}.Debug|Any CPU.ActiveCfg = Debug|Any CPU
		{611E4612-0333-46C4-A2E3-29648F9D1E60}.Debug|Any CPU.Build.0 = Debug|Any CPU
		{611E4612-0333-46C4-A2E3-29648F9D1E60}.Release|Any CPU.ActiveCfg = Release|Any CPU
		{611E4612-0333-46C4-A2E3-29648F9D1E60}.Release|Any CPU.Build.0 = Release|Any CPU
		{4AFF80F3-C42D-4DB7-BC7A-ED2EAD367776}.Debug|Any CPU.ActiveCfg = Debug|Any CPU
		{4AFF80F3-C42D-4DB7-BC7A-ED2EAD367776}.Debug|Any CPU.Build.0 = Debug|Any CPU
		{4AFF80F3-C42D-4DB7-BC7A-ED2EAD367776}.Release|Any CPU.ActiveCfg = Release|Any CPU
		{4AFF80F3-C42D-4DB7-BC7A-ED2EAD367776}.Release|Any CPU.Build.0 = Release|Any CPU
		{6D2EBC08-5E38-4D1B-966E-82BA038D51CC}.Debug|Any CPU.ActiveCfg = Debug|Any CPU
		{6D2EBC08-5E38-4D1B-966E-82BA038D51CC}.Debug|Any CPU.Build.0 = Debug|Any CPU
		{6D2EBC08-5E38-4D1B-966E-82BA038D51CC}.Release|Any CPU.ActiveCfg = Release|Any CPU
		{6D2EBC08-5E38-4D1B-966E-82BA038D51CC}.Release|Any CPU.Build.0 = Release|Any CPU
		{FD23879B-0B35-4307-A3E1-5418B126EE96}.Debug|Any CPU.ActiveCfg = Debug|Any CPU
		{FD23879B-0B35-4307-A3E1-5418B126EE96}.Debug|Any CPU.Build.0 = Debug|Any CPU
		{FD23879B-0B35-4307-A3E1-5418B126EE96}.Release|Any CPU.ActiveCfg = Release|Any CPU
		{FD23879B-0B35-4307-A3E1-5418B126EE96}.Release|Any CPU.Build.0 = Release|Any CPU
		{8787EA04-7D4D-4A97-96DF-A4EC4CD25CD9}.Debug|Any CPU.ActiveCfg = Debug|Any CPU
		{8787EA04-7D4D-4A97-96DF-A4EC4CD25CD9}.Debug|Any CPU.Build.0 = Debug|Any CPU
		{8787EA04-7D4D-4A97-96DF-A4EC4CD25CD9}.Release|Any CPU.ActiveCfg = Release|Any CPU
		{8787EA04-7D4D-4A97-96DF-A4EC4CD25CD9}.Release|Any CPU.Build.0 = Release|Any CPU
		{74A5959E-0600-400A-A1D6-2235D02E5122}.Debug|Any CPU.ActiveCfg = Debug|Any CPU
		{74A5959E-0600-400A-A1D6-2235D02E5122}.Debug|Any CPU.Build.0 = Debug|Any CPU
		{74A5959E-0600-400A-A1D6-2235D02E5122}.Release|Any CPU.ActiveCfg = Release|Any CPU
		{74A5959E-0600-400A-A1D6-2235D02E5122}.Release|Any CPU.Build.0 = Release|Any CPU
		{89C6C0DC-EC0B-4C82-95BF-16E37DAEDA17}.Debug|Any CPU.ActiveCfg = Debug|Any CPU
		{89C6C0DC-EC0B-4C82-95BF-16E37DAEDA17}.Debug|Any CPU.Build.0 = Debug|Any CPU
		{89C6C0DC-EC0B-4C82-95BF-16E37DAEDA17}.Release|Any CPU.ActiveCfg = Release|Any CPU
		{89C6C0DC-EC0B-4C82-95BF-16E37DAEDA17}.Release|Any CPU.Build.0 = Release|Any CPU
	EndGlobalSection
	GlobalSection(SolutionProperties) = preSolution
		HideSolutionNode = FALSE
	EndGlobalSection
	GlobalSection(NestedProjects) = preSolution
		{68523D89-0E59-4D24-BA30-4D9EB900027F} = {4EA3398E-036E-4392-9E9B-5216A115E34E}
		{611E4612-0333-46C4-A2E3-29648F9D1E60} = {4EA3398E-036E-4392-9E9B-5216A115E34E}
		{6D2EBC08-5E38-4D1B-966E-82BA038D51CC} = {4EA3398E-036E-4392-9E9B-5216A115E34E}
		{8787EA04-7D4D-4A97-96DF-A4EC4CD25CD9} = {4EA3398E-036E-4392-9E9B-5216A115E34E}
		{89C6C0DC-EC0B-4C82-95BF-16E37DAEDA17} = {4EA3398E-036E-4392-9E9B-5216A115E34E}
	EndGlobalSection
EndGlobal
